
Microsoft Visual Studio Solution File, Format Version 12.00
# Visual Studio Version 17
VisualStudioVersion = 17.0.32014.148
MinimumVisualStudioVersion = 10.0.40219.1
Project("{FAE04EC0-301F-11D3-BF4B-00C04F79EFBC}") = "BasicoOperadoresMatematicos", "BasicoOperadoresMatematicos\BasicoOperadoresMatematicos.csproj", "{90179B43-86E6-4FF9-A2E5-61BBCAEA51BE}"
EndProject
Global
	GlobalSection(SolutionConfigurationPlatforms) = preSolution
		Debug|Any CPU = Debug|Any CPU
		Release|Any CPU = Release|Any CPU
	EndGlobalSection
	GlobalSection(ProjectConfigurationPlatforms) = postSolution
		{90179B43-86E6-4FF9-A2E5-61BBCAEA51BE}.Debug|Any CPU.ActiveCfg = Debug|Any CPU
		{90179B43-86E6-4FF9-A2E5-61BBCAEA51BE}.Debug|Any CPU.Build.0 = Debug|Any CPU
		{90179B43-86E6-4FF9-A2E5-61BBCAEA51BE}.Release|Any CPU.ActiveCfg = Release|Any CPU
		{90179B43-86E6-4FF9-A2E5-61BBCAEA51BE}.Release|Any CPU.Build.0 = Release|Any CPU
	EndGlobalSection
	GlobalSection(SolutionProperties) = preSolution
		HideSolutionNode = FALSE
	EndGlobalSection
	GlobalSection(ExtensibilityGlobals) = postSolution
		SolutionGuid = {EA6BE16D-9E1D-4B55-87F2-15D1C36D735E}
	EndGlobalSection
EndGlobal
